
Microsoft Visual Studio Solution File, Format Version 12.00
# Visual Studio Version 16
VisualStudioVersion = 16.0.32413.511
MinimumVisualStudioVersion = 10.0.40219.1
Project("{FAE04EC0-301F-11D3-BF4B-00C04F79EFBC}") = "ContextMenuTest", "ContextMenuTest\ContextMenuTest.csproj", "{36900C19-B24A-4659-82D1-F83337AB4262}"
EndProject
Global
	GlobalSection(SolutionConfigurationPlatforms) = preSolution
		Debug|Any CPU = Debug|Any CPU
		Release|Any CPU = Release|Any CPU
	EndGlobalSection
	GlobalSection(ProjectConfigurationPlatforms) = postSolution
		{36900C19-B24A-4659-82D1-F83337AB4262}.Debug|Any CPU.ActiveCfg = Debug|Any CPU
		{36900C19-B24A-4659-82D1-F83337AB4262}.Debug|Any CPU.Build.0 = Debug|Any CPU
		{36900C19-B24A-4659-82D1-F83337AB4262}.Release|Any CPU.ActiveCfg = Release|Any CPU
		{36900C19-B24A-4659-82D1-F83337AB4262}.Release|Any CPU.Build.0 = Release|Any CPU
	EndGlobalSection
	GlobalSection(SolutionProperties) = preSolution
		HideSolutionNode = FALSE
	EndGlobalSection
	GlobalSection(ExtensibilityGlobals) = postSolution
		SolutionGuid = {B9214016-FFB6-4EED-8BF1-3A4F64211C77}
	EndGlobalSection
EndGlobal
